// !$*UTF8*$!
{
	archiveVersion = 1;
	classes = {
	};
	objectVersion = 50;
	objects = {

/* Begin PBXBuildFile section */
		C309AF492510B3880029C12B /* HotKeyMas.m in Sources */ = {isa = PBXBuildFile; fileRef = C309AF482510B3880029C12B /* HotKeyMas.m */; };
		C37DA83325678EDB00D67AD2 /* ZLImage.m in Sources */ = {isa = PBXBuildFile; fileRef = C37DA83225678EDB00D67AD2 /* ZLImage.m */; };
		C3D1D08C2511A8F000D7A596 /* HotKeyLocal.m in Sources */ = {isa = PBXBuildFile; fileRef = C3D1D08B2511A8F000D7A596 /* HotKeyLocal.m */; };
		C3D1D0A12511DB9E00D7A596 /* FloatDockVC.m in Sources */ = {isa = PBXBuildFile; fileRef = C3D1D0992511DB9E00D7A596 /* FloatDockVC.m */; };
		C3D1D0A32511DB9E00D7A596 /* FloatDockVCPresenter.m in Sources */ = {isa = PBXBuildFile; fileRef = C3D1D09F2511DB9E00D7A596 /* FloatDockVCPresenter.m */; };
		C3D1D0A92511E10600D7A596 /* AppIconItem.m in Sources */ = {isa = PBXBuildFile; fileRef = C3D1D0A82511E10600D7A596 /* AppIconItem.m */; };
		DD267413257BB29E004F6AFF /* JSONModel.framework in Frameworks */ = {isa = PBXBuildFile; fileRef = DD49312D257BAD4900624B2B /* JSONModel.framework */; };
		DD267414257BB29E004F6AFF /* Masonry.framework in Frameworks */ = {isa = PBXBuildFile; fileRef = DD49313F257BAD4D00624B2B /* Masonry.framework */; };
		DD267415257BB29E004F6AFF /* MASShortcut.framework in Frameworks */ = {isa = PBXBuildFile; fileRef = DD49314A257BAD5200624B2B /* MASShortcut.framework */; };
		DD267416257BB29E004F6AFF /* ReactiveObjC.framework in Frameworks */ = {isa = PBXBuildFile; fileRef = DD49315D257BAD5500624B2B /* ReactiveObjC.framework */; };
		DDDABA27257B8F900025CE73 /* HotKeyPermission.m in Sources */ = {isa = PBXBuildFile; fileRef = DDDABA25257B8F900025CE73 /* HotKeyPermission.m */; };
		E43781C12453291B00AA785B /* AppDelegate.m in Sources */ = {isa = PBXBuildFile; fileRef = E43781C02453291B00AA785B /* AppDelegate.m */; };
		E43781C62453291C00AA785B /* Assets.xcassets in Resources */ = {isa = PBXBuildFile; fileRef = E43781C52453291C00AA785B /* Assets.xcassets */; };
		E43781C92453291C00AA785B /* Main.storyboard in Resources */ = {isa = PBXBuildFile; fileRef = E43781C72453291C00AA785B /* Main.storyboard */; };
		E43781CC2453291C00AA785B /* main.m in Sources */ = {isa = PBXBuildFile; fileRef = E43781CB2453291C00AA785B /* main.m */; };
		E43781D82453306900AA785B /* AppInfoEntity.m in Sources */ = {isa = PBXBuildFile; fileRef = E43781D72453306900AA785B /* AppInfoEntity.m */; };
		E43781DD2453FC3500AA785B /* AcceptDragFileView.m in Sources */ = {isa = PBXBuildFile; fileRef = E43781DC2453FC3500AA785B /* AcceptDragFileView.m */; };
		E43781E324542D6A00AA785B /* DataSavePath.m in Sources */ = {isa = PBXBuildFile; fileRef = E43781E224542D6A00AA785B /* DataSavePath.m */; };
		E43781F524545A1900AA785B /* FloatWindow.m in Sources */ = {isa = PBXBuildFile; fileRef = E43781F424545A1900AA785B /* FloatWindow.m */; };
		E43782202454777100AA785B /* whitePoint@2x.png in Resources */ = {isa = PBXBuildFile; fileRef = E437821F2454777100AA785B /* whitePoint@2x.png */; };
		E4378235245582D900AA785B /* AppWindowTool.m in Sources */ = {isa = PBXBuildFile; fileRef = E4378234245582D900AA785B /* AppWindowTool.m */; };
		E48A584D245BD1E8008B8C08 /* FavoriteVM.m in Sources */ = {isa = PBXBuildFile; fileRef = E48A584C245BD1E8008B8C08 /* FavoriteVM.m */; };
		E48A5859245DB6C3008B8C08 /* NSParameterName.m in Sources */ = {isa = PBXBuildFile; fileRef = E48A5858245DB6C3008B8C08 /* NSParameterName.m */; };
		E48A5869245EF546008B8C08 /* Localizable.strings in Resources */ = {isa = PBXBuildFile; fileRef = E48A586B245EF546008B8C08 /* Localizable.strings */; };
		E4C7F07C24585F3E00B73296 /* AlphaSetVC.m in Sources */ = {isa = PBXBuildFile; fileRef = E4C7F07B24585F3E00B73296 /* AlphaSetVC.m */; };
		E4C7F1372459317F00B73296 /* FavoriteVC.m in Sources */ = {isa = PBXBuildFile; fileRef = E4C7F1362459317F00B73296 /* FavoriteVC.m */; };
		E4C7F13A2459321500B73296 /* FavoriteAppEntity.m in Sources */ = {isa = PBXBuildFile; fileRef = E4C7F1392459321500B73296 /* FavoriteAppEntity.m */; };
		E4C7F13D245932FD00B73296 /* HotKeyTool.m in Sources */ = {isa = PBXBuildFile; fileRef = E4C7F13C245932FD00B73296 /* HotKeyTool.m */; };
		E4C7F1402459729900B73296 /* FavoriteColumnEntity.m in Sources */ = {isa = PBXBuildFile; fileRef = E4C7F13F2459729900B73296 /* FavoriteColumnEntity.m */; };
		E4C7F14C2459751700B73296 /* NSView+Address.m in Sources */ = {isa = PBXBuildFile; fileRef = E4C7F1422459751700B73296 /* NSView+Address.m */; };
		E4C7F14D2459751700B73296 /* JHLabel.m in Sources */ = {isa = PBXBuildFile; fileRef = E4C7F1442459751700B73296 /* JHLabel.m */; };
		E4C7F14F2459751700B73296 /* LLCustomBT.m in Sources */ = {isa = PBXBuildFile; fileRef = E4C7F14A2459751700B73296 /* LLCustomBT.m */; };
		E4C7F1502459751700B73296 /* EditableTextField.m in Sources */ = {isa = PBXBuildFile; fileRef = E4C7F14B2459751700B73296 /* EditableTextField.m */; };
		E4C7F1522459A3F000B73296 /* delete@2x.png in Resources */ = {isa = PBXBuildFile; fileRef = E4C7F1512459A3F000B73296 /* delete@2x.png */; };
		E4C7F162245A819B00B73296 /* FavoriteWindow.m in Sources */ = {isa = PBXBuildFile; fileRef = E4C7F161245A819B00B73296 /* FavoriteWindow.m */; };
/* End PBXBuildFile section */

/* Begin PBXContainerItemProxy section */
		DD49312A257BAD4900624B2B /* PBXContainerItemProxy */ = {
			isa = PBXContainerItemProxy;
			containerPortal = DD493123257BAD4900624B2B /* JSONModel.xcodeproj */;
			proxyType = 2;
			remoteGlobalIDString = 92C9BC3D1B19A51100D79B06;
			remoteInfo = JSONModel;
		};
		DD49312C257BAD4900624B2B /* PBXContainerItemProxy */ = {
			isa = PBXContainerItemProxy;
			containerPortal = DD493123257BAD4900624B2B /* JSONModel.xcodeproj */;
			proxyType = 2;
			remoteGlobalIDString = 01D689FB1E42150100CFE82F;
			remoteInfo = "JSONModel-mac";
		};
		DD49312E257BAD4900624B2B /* PBXContainerItemProxy */ = {
			isa = PBXContainerItemProxy;
			containerPortal = DD493123257BAD4900624B2B /* JSONModel.xcodeproj */;
			proxyType = 2;
			remoteGlobalIDString = 01D68A1A1E421A8400CFE82F;
			remoteInfo = "JSONModel-watchOS";
		};
		DD493130257BAD4900624B2B /* PBXContainerItemProxy */ = {
			isa = PBXContainerItemProxy;
			containerPortal = DD493123257BAD4900624B2B /* JSONModel.xcodeproj */;
			proxyType = 2;
			remoteGlobalIDString = 01D68A271E421AC100CFE82F;
			remoteInfo = "JSONModel-tvOS";
		};
		DD49313C257BAD4D00624B2B /* PBXContainerItemProxy */ = {
			isa = PBXContainerItemProxy;
			containerPortal = DD493137257BAD4D00624B2B /* Masonry.xcodeproj */;
			proxyType = 2;
			remoteGlobalIDString = 3AED05B71AD59FD40053CC65;
			remoteInfo = "Masonry iOS";
		};
		DD49313E257BAD4D00624B2B /* PBXContainerItemProxy */ = {
			isa = PBXContainerItemProxy;
			containerPortal = DD493137257BAD4D00624B2B /* Masonry.xcodeproj */;
			proxyType = 2;
			remoteGlobalIDString = 3AED06271AD5A1400053CC65;
			remoteInfo = "Masonry OSX";
		};
		DD493149257BAD5200624B2B /* PBXContainerItemProxy */ = {
			isa = PBXContainerItemProxy;
			containerPortal = DD493143257BAD5200624B2B /* MASShortcut.xcodeproj */;
			proxyType = 2;
			remoteGlobalIDString = 0D827CD31990D4420010B8EF;
			remoteInfo = MASShortcut;
		};
		DD49314B257BAD5200624B2B /* PBXContainerItemProxy */ = {
			isa = PBXContainerItemProxy;
			containerPortal = DD493143257BAD5200624B2B /* MASShortcut.xcodeproj */;
			proxyType = 2;
			remoteGlobalIDString = 0D827D8319910AFF0010B8EF;
			remoteInfo = MASShortcutTests;
		};
		DD49314D257BAD5200624B2B /* PBXContainerItemProxy */ = {
			isa = PBXContainerItemProxy;
			containerPortal = DD493143257BAD5200624B2B /* MASShortcut.xcodeproj */;
			proxyType = 2;
			remoteGlobalIDString = 0D827D371990D5E70010B8EF;
			remoteInfo = Demo;
		};
		DD49315C257BAD5500624B2B /* PBXContainerItemProxy */ = {
			isa = PBXContainerItemProxy;
			containerPortal = DD493152257BAD5500624B2B /* ReactiveObjC.xcodeproj */;
			proxyType = 2;
			remoteGlobalIDString = D04725EA19E49ED7006002AA;
			remoteInfo = "ReactiveObjC-macOS";
		};
		DD49315E257BAD5500624B2B /* PBXContainerItemProxy */ = {
			isa = PBXContainerItemProxy;
			containerPortal = DD493152257BAD5500624B2B /* ReactiveObjC.xcodeproj */;
			proxyType = 2;
			remoteGlobalIDString = D04725F519E49ED7006002AA;
			remoteInfo = "ReactiveObjC-macOSTests";
		};
		DD493160257BAD5500624B2B /* PBXContainerItemProxy */ = {
			isa = PBXContainerItemProxy;
			containerPortal = DD493152257BAD5500624B2B /* ReactiveObjC.xcodeproj */;
			proxyType = 2;
			remoteGlobalIDString = D047260C19E49F82006002AA;
			remoteInfo = "ReactiveObjC-iOS";
		};
		DD493162257BAD5500624B2B /* PBXContainerItemProxy */ = {
			isa = PBXContainerItemProxy;
			containerPortal = DD493152257BAD5500624B2B /* ReactiveObjC.xcodeproj */;
			proxyType = 2;
			remoteGlobalIDString = D047261619E49F82006002AA;
			remoteInfo = "ReactiveObjC-iOSTests";
		};
		DD493164257BAD5500624B2B /* PBXContainerItemProxy */ = {
			isa = PBXContainerItemProxy;
			containerPortal = DD493152257BAD5500624B2B /* ReactiveObjC.xcodeproj */;
			proxyType = 2;
			remoteGlobalIDString = A9B315541B3940610001CB9C;
			remoteInfo = "ReactiveObjC-watchOS";
		};
		DD493166257BAD5500624B2B /* PBXContainerItemProxy */ = {
			isa = PBXContainerItemProxy;
			containerPortal = DD493152257BAD5500624B2B /* ReactiveObjC.xcodeproj */;
			proxyType = 2;
			remoteGlobalIDString = 57A4D2411BA13D7A00F7D4B1;
			remoteInfo = "ReactiveObjC-tvOS";
		};
		DD493168257BAD5500624B2B /* PBXContainerItemProxy */ = {
			isa = PBXContainerItemProxy;
			containerPortal = DD493152257BAD5500624B2B /* ReactiveObjC.xcodeproj */;
			proxyType = 2;
			remoteGlobalIDString = 7DFBED031CDB8C9500EE435B;
			remoteInfo = "ReactiveObjC-tvOSTests";
		};
/* End PBXContainerItemProxy section */

/* Begin PBXFileReference section */
		C309AF472510B3880029C12B /* HotKeyMas.h */ = {isa = PBXFileReference; lastKnownFileType = sourcecode.c.h; path = HotKeyMas.h; sourceTree = "<group>"; };
		C309AF482510B3880029C12B /* HotKeyMas.m */ = {isa = PBXFileReference; lastKnownFileType = sourcecode.c.objc; path = HotKeyMas.m; sourceTree = "<group>"; };
		C37DA83125678EDB00D67AD2 /* ZLImage.h */ = {isa = PBXFileReference; lastKnownFileType = sourcecode.c.h; path = ZLImage.h; sourceTree = "<group>"; };
		C37DA83225678EDB00D67AD2 /* ZLImage.m */ = {isa = PBXFileReference; lastKnownFileType = sourcecode.c.objc; path = ZLImage.m; sourceTree = "<group>"; };
		C3D1D08A2511A8F000D7A596 /* HotKeyLocal.h */ = {isa = PBXFileReference; lastKnownFileType = sourcecode.c.h; path = HotKeyLocal.h; sourceTree = "<group>"; };
		C3D1D08B2511A8F000D7A596 /* HotKeyLocal.m */ = {isa = PBXFileReference; lastKnownFileType = sourcecode.c.objc; path = HotKeyLocal.m; sourceTree = "<group>"; };
		C3D1D0982511DB9E00D7A596 /* FloatDockVC.h */ = {isa = PBXFileReference; fileEncoding = 4; lastKnownFileType = sourcecode.c.h; path = FloatDockVC.h; sourceTree = "<group>"; };
		C3D1D0992511DB9E00D7A596 /* FloatDockVC.m */ = {isa = PBXFileReference; fileEncoding = 4; lastKnownFileType = sourcecode.c.objc; path = FloatDockVC.m; sourceTree = "<group>"; };
		C3D1D09A2511DB9E00D7A596 /* FloatDockVCProtocol.h */ = {isa = PBXFileReference; fileEncoding = 4; lastKnownFileType = sourcecode.c.h; path = FloatDockVCProtocol.h; sourceTree = "<group>"; };
		C3D1D09F2511DB9E00D7A596 /* FloatDockVCPresenter.m */ = {isa = PBXFileReference; fileEncoding = 4; lastKnownFileType = sourcecode.c.objc; path = FloatDockVCPresenter.m; sourceTree = "<group>"; };
		C3D1D0A02511DB9E00D7A596 /* FloatDockVCPresenter.h */ = {isa = PBXFileReference; fileEncoding = 4; lastKnownFileType = sourcecode.c.h; path = FloatDockVCPresenter.h; sourceTree = "<group>"; };
		C3D1D0A72511E10600D7A596 /* AppIconItem.h */ = {isa = PBXFileReference; lastKnownFileType = sourcecode.c.h; path = AppIconItem.h; sourceTree = "<group>"; };
		C3D1D0A82511E10600D7A596 /* AppIconItem.m */ = {isa = PBXFileReference; lastKnownFileType = sourcecode.c.objc; path = AppIconItem.m; sourceTree = "<group>"; };
		DD493123257BAD4900624B2B /* JSONModel.xcodeproj */ = {isa = PBXFileReference; lastKnownFileType = "wrapper.pb-project"; name = JSONModel.xcodeproj; path = Libraries/jsonmodel/JSONModel.xcodeproj; sourceTree = "<group>"; };
		DD493137257BAD4D00624B2B /* Masonry.xcodeproj */ = {isa = PBXFileReference; lastKnownFileType = "wrapper.pb-project"; name = Masonry.xcodeproj; path = Libraries/Masonry/Masonry.xcodeproj; sourceTree = "<group>"; };
		DD493143257BAD5200624B2B /* MASShortcut.xcodeproj */ = {isa = PBXFileReference; lastKnownFileType = "wrapper.pb-project"; name = MASShortcut.xcodeproj; path = Libraries/MASShortcut/MASShortcut.xcodeproj; sourceTree = "<group>"; };
		DD493152257BAD5500624B2B /* ReactiveObjC.xcodeproj */ = {isa = PBXFileReference; lastKnownFileType = "wrapper.pb-project"; name = ReactiveObjC.xcodeproj; path = Libraries/ReactiveObjC/ReactiveObjC.xcodeproj; sourceTree = "<group>"; };
		DDDABA25257B8F900025CE73 /* HotKeyPermission.m */ = {isa = PBXFileReference; fileEncoding = 4; lastKnownFileType = sourcecode.c.objc; name = HotKeyPermission.m; path = FloatDock/Public/Tool/HotKeyPermission.m; sourceTree = SOURCE_ROOT; };
		DDDABA26257B8F900025CE73 /* HotKeyPermission.h */ = {isa = PBXFileReference; fileEncoding = 4; lastKnownFileType = sourcecode.c.h; name = HotKeyPermission.h; path = FloatDock/Public/Tool/HotKeyPermission.h; sourceTree = SOURCE_ROOT; };
		E43781BC2453291B00AA785B /* FloatDock.app */ = {isa = PBXFileReference; explicitFileType = wrapper.application; includeInIndex = 0; path = FloatDock.app; sourceTree = BUILT_PRODUCTS_DIR; };
		E43781BF2453291B00AA785B /* AppDelegate.h */ = {isa = PBXFileReference; lastKnownFileType = sourcecode.c.h; path = AppDelegate.h; sourceTree = "<group>"; };
		E43781C02453291B00AA785B /* AppDelegate.m */ = {isa = PBXFileReference; lastKnownFileType = sourcecode.c.objc; path = AppDelegate.m; sourceTree = "<group>"; };
		E43781C52453291C00AA785B /* Assets.xcassets */ = {isa = PBXFileReference; lastKnownFileType = folder.assetcatalog; path = Assets.xcassets; sourceTree = "<group>"; };
		E43781C82453291C00AA785B /* Base */ = {isa = PBXFileReference; lastKnownFileType = file.storyboard; name = Base; path = Base.lproj/Main.storyboard; sourceTree = "<group>"; };
		E43781CA2453291C00AA785B /* Info.plist */ = {isa = PBXFileReference; lastKnownFileType = text.plist.xml; path = Info.plist; sourceTree = "<group>"; };
		E43781CB2453291C00AA785B /* main.m */ = {isa = PBXFileReference; lastKnownFileType = sourcecode.c.objc; path = main.m; sourceTree = "<group>"; };
		E43781CD2453291C00AA785B /* FloatDock.entitlements */ = {isa = PBXFileReference; lastKnownFileType = text.plist.entitlements; path = FloatDock.entitlements; sourceTree = "<group>"; };
		E43781D62453306900AA785B /* AppInfoEntity.h */ = {isa = PBXFileReference; lastKnownFileType = sourcecode.c.h; path = AppInfoEntity.h; sourceTree = "<group>"; };
		E43781D72453306900AA785B /* AppInfoEntity.m */ = {isa = PBXFileReference; lastKnownFileType = sourcecode.c.objc; path = AppInfoEntity.m; sourceTree = "<group>"; };
		E43781DB2453FC3500AA785B /* AcceptDragFileView.h */ = {isa = PBXFileReference; lastKnownFileType = sourcecode.c.h; path = AcceptDragFileView.h; sourceTree = "<group>"; };
		E43781DC2453FC3500AA785B /* AcceptDragFileView.m */ = {isa = PBXFileReference; lastKnownFileType = sourcecode.c.objc; path = AcceptDragFileView.m; sourceTree = "<group>"; };
		E43781E124542D6A00AA785B /* DataSavePath.h */ = {isa = PBXFileReference; fileEncoding = 4; lastKnownFileType = sourcecode.c.h; path = DataSavePath.h; sourceTree = "<group>"; };
		E43781E224542D6A00AA785B /* DataSavePath.m */ = {isa = PBXFileReference; fileEncoding = 4; lastKnownFileType = sourcecode.c.objc; path = DataSavePath.m; sourceTree = "<group>"; };
		E43781F324545A1900AA785B /* FloatWindow.h */ = {isa = PBXFileReference; lastKnownFileType = sourcecode.c.h; path = FloatWindow.h; sourceTree = "<group>"; };
		E43781F424545A1900AA785B /* FloatWindow.m */ = {isa = PBXFileReference; lastKnownFileType = sourcecode.c.objc; path = FloatWindow.m; sourceTree = "<group>"; };
		E437821F2454777100AA785B /* whitePoint@2x.png */ = {isa = PBXFileReference; lastKnownFileType = image.png; name = "whitePoint@2x.png"; path = "FloatDock/whitePoint@2x.png"; sourceTree = SOURCE_ROOT; };
		E4378233245582D900AA785B /* AppWindowTool.h */ = {isa = PBXFileReference; lastKnownFileType = sourcecode.c.h; path = AppWindowTool.h; sourceTree = "<group>"; };
		E4378234245582D900AA785B /* AppWindowTool.m */ = {isa = PBXFileReference; lastKnownFileType = sourcecode.c.objc; path = AppWindowTool.m; sourceTree = "<group>"; };
		E48A584B245BD1E8008B8C08 /* FavoriteVM.h */ = {isa = PBXFileReference; lastKnownFileType = sourcecode.c.h; path = FavoriteVM.h; sourceTree = "<group>"; };
		E48A584C245BD1E8008B8C08 /* FavoriteVM.m */ = {isa = PBXFileReference; lastKnownFileType = sourcecode.c.objc; path = FavoriteVM.m; sourceTree = "<group>"; };
		E48A5857245DB6C3008B8C08 /* NSParameterName.h */ = {isa = PBXFileReference; lastKnownFileType = sourcecode.c.h; path = NSParameterName.h; sourceTree = "<group>"; };
		E48A5858245DB6C3008B8C08 /* NSParameterName.m */ = {isa = PBXFileReference; lastKnownFileType = sourcecode.c.objc; path = NSParameterName.m; sourceTree = "<group>"; };
		E48A585E245EEF5B008B8C08 /* zh-Hans */ = {isa = PBXFileReference; lastKnownFileType = text.plist.strings; name = "zh-Hans"; path = "zh-Hans.lproj/Main.strings"; sourceTree = "<group>"; };
		E48A5866245EF463008B8C08 /* en */ = {isa = PBXFileReference; lastKnownFileType = text.plist.strings; name = en; path = en.lproj/Main.strings; sourceTree = "<group>"; };
		E48A586A245EF546008B8C08 /* en */ = {isa = PBXFileReference; lastKnownFileType = text.plist.strings; name = en; path = en.lproj/Localizable.strings; sourceTree = "<group>"; };
		E48A586C245EF54B008B8C08 /* zh-Hans */ = {isa = PBXFileReference; lastKnownFileType = text.plist.strings; name = "zh-Hans"; path = "zh-Hans.lproj/Localizable.strings"; sourceTree = "<group>"; };
		E48A586E245EF796008B8C08 /* FloatDock-prefix.pch */ = {isa = PBXFileReference; fileEncoding = 4; lastKnownFileType = sourcecode.c.h; path = "FloatDock-prefix.pch"; sourceTree = "<group>"; };
		E4C7F07A24585F3E00B73296 /* AlphaSetVC.h */ = {isa = PBXFileReference; lastKnownFileType = sourcecode.c.h; path = AlphaSetVC.h; sourceTree = "<group>"; };
		E4C7F07B24585F3E00B73296 /* AlphaSetVC.m */ = {isa = PBXFileReference; lastKnownFileType = sourcecode.c.objc; path = AlphaSetVC.m; sourceTree = "<group>"; };
		E4C7F1352459317F00B73296 /* FavoriteVC.h */ = {isa = PBXFileReference; lastKnownFileType = sourcecode.c.h; path = FavoriteVC.h; sourceTree = "<group>"; };
		E4C7F1362459317F00B73296 /* FavoriteVC.m */ = {isa = PBXFileReference; lastKnownFileType = sourcecode.c.objc; path = FavoriteVC.m; sourceTree = "<group>"; };
		E4C7F1382459321500B73296 /* FavoriteAppEntity.h */ = {isa = PBXFileReference; lastKnownFileType = sourcecode.c.h; path = FavoriteAppEntity.h; sourceTree = "<group>"; };
		E4C7F1392459321500B73296 /* FavoriteAppEntity.m */ = {isa = PBXFileReference; lastKnownFileType = sourcecode.c.objc; path = FavoriteAppEntity.m; sourceTree = "<group>"; };
		E4C7F13B245932FD00B73296 /* HotKeyTool.h */ = {isa = PBXFileReference; lastKnownFileType = sourcecode.c.h; path = HotKeyTool.h; sourceTree = "<group>"; };
		E4C7F13C245932FD00B73296 /* HotKeyTool.m */ = {isa = PBXFileReference; lastKnownFileType = sourcecode.c.objc; path = HotKeyTool.m; sourceTree = "<group>"; };
		E4C7F13E2459729900B73296 /* FavoriteColumnEntity.h */ = {isa = PBXFileReference; lastKnownFileType = sourcecode.c.h; path = FavoriteColumnEntity.h; sourceTree = "<group>"; };
		E4C7F13F2459729900B73296 /* FavoriteColumnEntity.m */ = {isa = PBXFileReference; lastKnownFileType = sourcecode.c.objc; path = FavoriteColumnEntity.m; sourceTree = "<group>"; };
		E4C7F1422459751700B73296 /* NSView+Address.m */ = {isa = PBXFileReference; fileEncoding = 4; lastKnownFileType = sourcecode.c.objc; path = "NSView+Address.m"; sourceTree = "<group>"; };
		E4C7F1442459751700B73296 /* JHLabel.m */ = {isa = PBXFileReference; fileEncoding = 4; lastKnownFileType = sourcecode.c.objc; path = JHLabel.m; sourceTree = "<group>"; };
		E4C7F1452459751700B73296 /* EditableTextField.h */ = {isa = PBXFileReference; fileEncoding = 4; lastKnownFileType = sourcecode.c.h; path = EditableTextField.h; sourceTree = "<group>"; };
		E4C7F1462459751700B73296 /* LLCustomBT.h */ = {isa = PBXFileReference; fileEncoding = 4; lastKnownFileType = sourcecode.c.h; path = LLCustomBT.h; sourceTree = "<group>"; };
		E4C7F1472459751700B73296 /* NSView+Address.h */ = {isa = PBXFileReference; fileEncoding = 4; lastKnownFileType = sourcecode.c.h; path = "NSView+Address.h"; sourceTree = "<group>"; };
		E4C7F1482459751700B73296 /* JHLabel.h */ = {isa = PBXFileReference; fileEncoding = 4; lastKnownFileType = sourcecode.c.h; path = JHLabel.h; sourceTree = "<group>"; };
		E4C7F14A2459751700B73296 /* LLCustomBT.m */ = {isa = PBXFileReference; fileEncoding = 4; lastKnownFileType = sourcecode.c.objc; path = LLCustomBT.m; sourceTree = "<group>"; };
		E4C7F14B2459751700B73296 /* EditableTextField.m */ = {isa = PBXFileReference; fileEncoding = 4; lastKnownFileType = sourcecode.c.objc; path = EditableTextField.m; sourceTree = "<group>"; };
		E4C7F1512459A3F000B73296 /* delete@2x.png */ = {isa = PBXFileReference; lastKnownFileType = image.png; name = "delete@2x.png"; path = "FloatDock/delete@2x.png"; sourceTree = SOURCE_ROOT; };
		E4C7F160245A819B00B73296 /* FavoriteWindow.h */ = {isa = PBXFileReference; lastKnownFileType = sourcecode.c.h; path = FavoriteWindow.h; sourceTree = "<group>"; };
		E4C7F161245A819B00B73296 /* FavoriteWindow.m */ = {isa = PBXFileReference; lastKnownFileType = sourcecode.c.objc; path = FavoriteWindow.m; sourceTree = "<group>"; };
/* End PBXFileReference section */

/* Begin PBXFrameworksBuildPhase section */
		E43781B92453291B00AA785B /* Frameworks */ = {
			isa = PBXFrameworksBuildPhase;
			buildActionMask = 2147483647;
			files = (
				DD267413257BB29E004F6AFF /* JSONModel.framework in Frameworks */,
				DD267414257BB29E004F6AFF /* Masonry.framework in Frameworks */,
				DD267415257BB29E004F6AFF /* MASShortcut.framework in Frameworks */,
				DD267416257BB29E004F6AFF /* ReactiveObjC.framework in Frameworks */,
			);
			runOnlyForDeploymentPostprocessing = 0;
		};
/* End PBXFrameworksBuildPhase section */

/* Begin PBXGroup section */
		C37DA83025678ECB00D67AD2 /* NSImage */ = {
			isa = PBXGroup;
			children = (
				C37DA83125678EDB00D67AD2 /* ZLImage.h */,
				C37DA83225678EDB00D67AD2 /* ZLImage.m */,
			);
			path = NSImage;
			sourceTree = "<group>";
		};
		C3B3FE092513151500642A6B /* Tool */ = {
			isa = PBXGroup;
			children = (
				E4C7F13B245932FD00B73296 /* HotKeyTool.h */,
				E4C7F13C245932FD00B73296 /* HotKeyTool.m */,
				C3D1D08A2511A8F000D7A596 /* HotKeyLocal.h */,
				C3D1D08B2511A8F000D7A596 /* HotKeyLocal.m */,
				C309AF472510B3880029C12B /* HotKeyMas.h */,
				C309AF482510B3880029C12B /* HotKeyMas.m */,
				DDDABA26257B8F900025CE73 /* HotKeyPermission.h */,
				DDDABA25257B8F900025CE73 /* HotKeyPermission.m */,
			);
			path = Tool;
			sourceTree = "<group>";
		};
		C3B3FE0B2513155F00642A6B /* md5 */ = {
			isa = PBXGroup;
			children = (
				E48A5857245DB6C3008B8C08 /* NSParameterName.h */,
				E48A5858245DB6C3008B8C08 /* NSParameterName.m */,
			);
			path = md5;
			sourceTree = "<group>";
		};
		DD493124257BAD4900624B2B /* Products */ = {
			isa = PBXGroup;
			children = (
				DD49312B257BAD4900624B2B /* JSONModel.framework */,
				DD49312D257BAD4900624B2B /* JSONModel.framework */,
				DD49312F257BAD4900624B2B /* JSONModel.framework */,
				DD493131257BAD4900624B2B /* JSONModel.framework */,
			);
			name = Products;
			sourceTree = "<group>";
		};
		DD493138257BAD4D00624B2B /* Products */ = {
			isa = PBXGroup;
			children = (
				DD49313D257BAD4D00624B2B /* Masonry.framework */,
				DD49313F257BAD4D00624B2B /* Masonry.framework */,
			);
			name = Products;
			sourceTree = "<group>";
		};
		DD493144257BAD5200624B2B /* Products */ = {
			isa = PBXGroup;
			children = (
				DD49314A257BAD5200624B2B /* MASShortcut.framework */,
				DD49314C257BAD5200624B2B /* MASShortcutTests.xctest */,
				DD49314E257BAD5200624B2B /* Demo.app */,
			);
			name = Products;
			sourceTree = "<group>";
		};
		DD493153257BAD5500624B2B /* Products */ = {
			isa = PBXGroup;
			children = (
				DD49315D257BAD5500624B2B /* ReactiveObjC.framework */,
				DD49315F257BAD5500624B2B /* ReactiveObjCTests.xctest */,
				DD493161257BAD5500624B2B /* ReactiveObjC.framework */,
				DD493163257BAD5500624B2B /* ReactiveObjCTests.xctest */,
				DD493165257BAD5500624B2B /* ReactiveObjC.framework */,
				DD493167257BAD5500624B2B /* ReactiveObjC.framework */,
				DD493169257BAD5500624B2B /* ReactiveObjCTests.xctest */,
			);
			name = Products;
			sourceTree = "<group>";
		};
		DDDABA21257B8DC20025CE73 /* Dock */ = {
			isa = PBXGroup;
			children = (
				C3D1D0982511DB9E00D7A596 /* FloatDockVC.h */,
				C3D1D0992511DB9E00D7A596 /* FloatDockVC.m */,
				C3D1D09A2511DB9E00D7A596 /* FloatDockVCProtocol.h */,
				C3D1D0A02511DB9E00D7A596 /* FloatDockVCPresenter.h */,
				C3D1D09F2511DB9E00D7A596 /* FloatDockVCPresenter.m */,
				E43781F324545A1900AA785B /* FloatWindow.h */,
				E43781F424545A1900AA785B /* FloatWindow.m */,
				C3D1D0A72511E10600D7A596 /* AppIconItem.h */,
				C3D1D0A82511E10600D7A596 /* AppIconItem.m */,
				E43781DB2453FC3500AA785B /* AcceptDragFileView.h */,
				E43781DC2453FC3500AA785B /* AcceptDragFileView.m */,
				E43781D62453306900AA785B /* AppInfoEntity.h */,
				E43781D72453306900AA785B /* AppInfoEntity.m */,
				E43781E124542D6A00AA785B /* DataSavePath.h */,
				E43781E224542D6A00AA785B /* DataSavePath.m */,
			);
			path = Dock;
			sourceTree = "<group>";
		};
		DDDABA22257B8E090025CE73 /* Preferences */ = {
			isa = PBXGroup;
			children = (
				E4378233245582D900AA785B /* AppWindowTool.h */,
				E4378234245582D900AA785B /* AppWindowTool.m */,
				E4C7F1352459317F00B73296 /* FavoriteVC.h */,
				E4C7F1362459317F00B73296 /* FavoriteVC.m */,
				E48A584B245BD1E8008B8C08 /* FavoriteVM.h */,
				E48A584C245BD1E8008B8C08 /* FavoriteVM.m */,
				E4C7F1382459321500B73296 /* FavoriteAppEntity.h */,
				E4C7F1392459321500B73296 /* FavoriteAppEntity.m */,
				E4C7F13E2459729900B73296 /* FavoriteColumnEntity.h */,
				E4C7F13F2459729900B73296 /* FavoriteColumnEntity.m */,
				E4C7F160245A819B00B73296 /* FavoriteWindow.h */,
				E4C7F161245A819B00B73296 /* FavoriteWindow.m */,
				E4C7F1472459751700B73296 /* NSView+Address.h */,
				E4C7F1422459751700B73296 /* NSView+Address.m */,
				E4C7F1482459751700B73296 /* JHLabel.h */,
				E4C7F1442459751700B73296 /* JHLabel.m */,
				E4C7F1452459751700B73296 /* EditableTextField.h */,
				E4C7F14B2459751700B73296 /* EditableTextField.m */,
				E4C7F1462459751700B73296 /* LLCustomBT.h */,
				E4C7F14A2459751700B73296 /* LLCustomBT.m */,
				E4C7F07A24585F3E00B73296 /* AlphaSetVC.h */,
				E4C7F07B24585F3E00B73296 /* AlphaSetVC.m */,
			);
			path = Preferences;
			sourceTree = "<group>";
		};
		E43781B32453291B00AA785B = {
			isa = PBXGroup;
			children = (
				E43781BE2453291B00AA785B /* FloatDock */,
				E43781BD2453291B00AA785B /* Products */,
				FF76C8A160FF392FDD2F7FA6 /* Frameworks */,
			);
			sourceTree = "<group>";
		};
		E43781BD2453291B00AA785B /* Products */ = {
			isa = PBXGroup;
			children = (
				E43781BC2453291B00AA785B /* FloatDock.app */,
			);
			name = Products;
			sourceTree = "<group>";
		};
		E43781BE2453291B00AA785B /* FloatDock */ = {
			isa = PBXGroup;
			children = (
				DDDABA21257B8DC20025CE73 /* Dock */,
				DDDABA22257B8E090025CE73 /* Preferences */,
				E48A5856245DB62E008B8C08 /* Public */,
				E43781CB2453291C00AA785B /* main.m */,
				E43781BF2453291B00AA785B /* AppDelegate.h */,
				E43781C02453291B00AA785B /* AppDelegate.m */,
				E43781CA2453291C00AA785B /* Info.plist */,
				E43781CD2453291C00AA785B /* FloatDock.entitlements */,
				E43781C72453291C00AA785B /* Main.storyboard */,
				E43781C52453291C00AA785B /* Assets.xcassets */,
				E437821F2454777100AA785B /* whitePoint@2x.png */,
				E4C7F1512459A3F000B73296 /* delete@2x.png */,
				E48A586E245EF796008B8C08 /* FloatDock-prefix.pch */,
				E48A586B245EF546008B8C08 /* Localizable.strings */,
			);
			path = FloatDock;
			sourceTree = "<group>";
		};
		E48A5856245DB62E008B8C08 /* Public */ = {
			isa = PBXGroup;
			children = (
				C37DA83025678ECB00D67AD2 /* NSImage */,
				C3B3FE0B2513155F00642A6B /* md5 */,
				C3B3FE092513151500642A6B /* Tool */,
			);
			path = Public;
			sourceTree = "<group>";
		};
		FF76C8A160FF392FDD2F7FA6 /* Frameworks */ = {
			isa = PBXGroup;
			children = (
				DD493152257BAD5500624B2B /* ReactiveObjC.xcodeproj */,
				DD493143257BAD5200624B2B /* MASShortcut.xcodeproj */,
				DD493137257BAD4D00624B2B /* Masonry.xcodeproj */,
				DD493123257BAD4900624B2B /* JSONModel.xcodeproj */,
			);
			name = Frameworks;
			sourceTree = "<group>";
		};
/* End PBXGroup section */

/* Begin PBXNativeTarget section */
		E43781BB2453291B00AA785B /* FloatDock */ = {
			isa = PBXNativeTarget;
			buildConfigurationList = E43781D02453291C00AA785B /* Build configuration list for PBXNativeTarget "FloatDock" */;
			buildPhases = (
				E43781B82453291B00AA785B /* Sources */,
				E43781B92453291B00AA785B /* Frameworks */,
				E43781BA2453291B00AA785B /* Resources */,
			);
			buildRules = (
			);
			dependencies = (
			);
			name = FloatDock;
			productName = FloatDock;
			productReference = E43781BC2453291B00AA785B /* FloatDock.app */;
			productType = "com.apple.product-type.application";
		};
/* End PBXNativeTarget section */

/* Begin PBXProject section */
		E43781B42453291B00AA785B /* Project object */ = {
			isa = PBXProject;
			attributes = {
				LastUpgradeCheck = 1130;
				ORGANIZATIONNAME = "王凯庆";
				TargetAttributes = {
					E43781BB2453291B00AA785B = {
						CreatedOnToolsVersion = 11.3.1;
					};
				};
			};
			buildConfigurationList = E43781B72453291B00AA785B /* Build configuration list for PBXProject "FloatDock" */;
			compatibilityVersion = "Xcode 9.3";
			developmentRegion = en;
			hasScannedForEncodings = 0;
			knownRegions = (
				en,
				Base,
				"zh-Hans",
			);
			mainGroup = E43781B32453291B00AA785B;
			productRefGroup = E43781BD2453291B00AA785B /* Products */;
			projectDirPath = "";
			projectReferences = (
				{
					ProductGroup = DD493124257BAD4900624B2B /* Products */;
					ProjectRef = DD493123257BAD4900624B2B /* JSONModel.xcodeproj */;
				},
				{
					ProductGroup = DD493138257BAD4D00624B2B /* Products */;
					ProjectRef = DD493137257BAD4D00624B2B /* Masonry.xcodeproj */;
				},
				{
					ProductGroup = DD493144257BAD5200624B2B /* Products */;
					ProjectRef = DD493143257BAD5200624B2B /* MASShortcut.xcodeproj */;
				},
				{
					ProductGroup = DD493153257BAD5500624B2B /* Products */;
					ProjectRef = DD493152257BAD5500624B2B /* ReactiveObjC.xcodeproj */;
				},
			);
			projectRoot = "";
			targets = (
				E43781BB2453291B00AA785B /* FloatDock */,
			);
		};
/* End PBXProject section */

/* Begin PBXReferenceProxy section */
		DD49312B257BAD4900624B2B /* JSONModel.framework */ = {
			isa = PBXReferenceProxy;
			fileType = wrapper.framework;
			path = JSONModel.framework;
			remoteRef = DD49312A257BAD4900624B2B /* PBXContainerItemProxy */;
			sourceTree = BUILT_PRODUCTS_DIR;
		};
		DD49312D257BAD4900624B2B /* JSONModel.framework */ = {
			isa = PBXReferenceProxy;
			fileType = wrapper.framework;
			path = JSONModel.framework;
			remoteRef = DD49312C257BAD4900624B2B /* PBXContainerItemProxy */;
			sourceTree = BUILT_PRODUCTS_DIR;
		};
		DD49312F257BAD4900624B2B /* JSONModel.framework */ = {
			isa = PBXReferenceProxy;
			fileType = wrapper.framework;
			path = JSONModel.framework;
			remoteRef = DD49312E257BAD4900624B2B /* PBXContainerItemProxy */;
			sourceTree = BUILT_PRODUCTS_DIR;
		};
		DD493131257BAD4900624B2B /* JSONModel.framework */ = {
			isa = PBXReferenceProxy;
			fileType = wrapper.framework;
			path = JSONModel.framework;
			remoteRef = DD493130257BAD4900624B2B /* PBXContainerItemProxy */;
			sourceTree = BUILT_PRODUCTS_DIR;
		};
		DD49313D257BAD4D00624B2B /* Masonry.framework */ = {
			isa = PBXReferenceProxy;
			fileType = wrapper.framework;
			path = Masonry.framework;
			remoteRef = DD49313C257BAD4D00624B2B /* PBXContainerItemProxy */;
			sourceTree = BUILT_PRODUCTS_DIR;
		};
		DD49313F257BAD4D00624B2B /* Masonry.framework */ = {
			isa = PBXReferenceProxy;
			fileType = wrapper.framework;
			path = Masonry.framework;
			remoteRef = DD49313E257BAD4D00624B2B /* PBXContainerItemProxy */;
			sourceTree = BUILT_PRODUCTS_DIR;
		};
		DD49314A257BAD5200624B2B /* MASShortcut.framework */ = {
			isa = PBXReferenceProxy;
			fileType = wrapper.framework;
			path = MASShortcut.framework;
			remoteRef = DD493149257BAD5200624B2B /* PBXContainerItemProxy */;
			sourceTree = BUILT_PRODUCTS_DIR;
		};
		DD49314C257BAD5200624B2B /* MASShortcutTests.xctest */ = {
			isa = PBXReferenceProxy;
			fileType = wrapper.cfbundle;
			path = MASShortcutTests.xctest;
			remoteRef = DD49314B257BAD5200624B2B /* PBXContainerItemProxy */;
			sourceTree = BUILT_PRODUCTS_DIR;
		};
		DD49314E257BAD5200624B2B /* Demo.app */ = {
			isa = PBXReferenceProxy;
			fileType = wrapper.application;
			path = Demo.app;
			remoteRef = DD49314D257BAD5200624B2B /* PBXContainerItemProxy */;
			sourceTree = BUILT_PRODUCTS_DIR;
		};
		DD49315D257BAD5500624B2B /* ReactiveObjC.framework */ = {
			isa = PBXReferenceProxy;
			fileType = wrapper.framework;
			path = ReactiveObjC.framework;
			remoteRef = DD49315C257BAD5500624B2B /* PBXContainerItemProxy */;
			sourceTree = BUILT_PRODUCTS_DIR;
		};
		DD49315F257BAD5500624B2B /* ReactiveObjCTests.xctest */ = {
			isa = PBXReferenceProxy;
			fileType = wrapper.cfbundle;
			path = ReactiveObjCTests.xctest;
			remoteRef = DD49315E257BAD5500624B2B /* PBXContainerItemProxy */;
			sourceTree = BUILT_PRODUCTS_DIR;
		};
		DD493161257BAD5500624B2B /* ReactiveObjC.framework */ = {
			isa = PBXReferenceProxy;
			fileType = wrapper.framework;
			path = ReactiveObjC.framework;
			remoteRef = DD493160257BAD5500624B2B /* PBXContainerItemProxy */;
			sourceTree = BUILT_PRODUCTS_DIR;
		};
		DD493163257BAD5500624B2B /* ReactiveObjCTests.xctest */ = {
			isa = PBXReferenceProxy;
			fileType = wrapper.cfbundle;
			path = ReactiveObjCTests.xctest;
			remoteRef = DD493162257BAD5500624B2B /* PBXContainerItemProxy */;
			sourceTree = BUILT_PRODUCTS_DIR;
		};
		DD493165257BAD5500624B2B /* ReactiveObjC.framework */ = {
			isa = PBXReferenceProxy;
			fileType = wrapper.framework;
			path = ReactiveObjC.framework;
			remoteRef = DD493164257BAD5500624B2B /* PBXContainerItemProxy */;
			sourceTree = BUILT_PRODUCTS_DIR;
		};
		DD493167257BAD5500624B2B /* ReactiveObjC.framework */ = {
			isa = PBXReferenceProxy;
			fileType = wrapper.framework;
			path = ReactiveObjC.framework;
			remoteRef = DD493166257BAD5500624B2B /* PBXContainerItemProxy */;
			sourceTree = BUILT_PRODUCTS_DIR;
		};
		DD493169257BAD5500624B2B /* ReactiveObjCTests.xctest */ = {
			isa = PBXReferenceProxy;
			fileType = wrapper.cfbundle;
			path = ReactiveObjCTests.xctest;
			remoteRef = DD493168257BAD5500624B2B /* PBXContainerItemProxy */;
			sourceTree = BUILT_PRODUCTS_DIR;
		};
/* End PBXReferenceProxy section */

/* Begin PBXResourcesBuildPhase section */
		E43781BA2453291B00AA785B /* Resources */ = {
			isa = PBXResourcesBuildPhase;
			buildActionMask = 2147483647;
			files = (
				E43781C62453291C00AA785B /* Assets.xcassets in Resources */,
				E4C7F1522459A3F000B73296 /* delete@2x.png in Resources */,
				E43782202454777100AA785B /* whitePoint@2x.png in Resources */,
				E43781C92453291C00AA785B /* Main.storyboard in Resources */,
				E48A5869245EF546008B8C08 /* Localizable.strings in Resources */,
			);
			runOnlyForDeploymentPostprocessing = 0;
		};
/* End PBXResourcesBuildPhase section */

/* Begin PBXSourcesBuildPhase section */
		E43781B82453291B00AA785B /* Sources */ = {
			isa = PBXSourcesBuildPhase;
			buildActionMask = 2147483647;
			files = (
				E4C7F14C2459751700B73296 /* NSView+Address.m in Sources */,
				E48A5859245DB6C3008B8C08 /* NSParameterName.m in Sources */,
				E4378235245582D900AA785B /* AppWindowTool.m in Sources */,
				C3D1D0A32511DB9E00D7A596 /* FloatDockVCPresenter.m in Sources */,
				E4C7F162245A819B00B73296 /* FavoriteWindow.m in Sources */,
				C3D1D08C2511A8F000D7A596 /* HotKeyLocal.m in Sources */,
				E4C7F1502459751700B73296 /* EditableTextField.m in Sources */,
				E4C7F07C24585F3E00B73296 /* AlphaSetVC.m in Sources */,
				C3D1D0A92511E10600D7A596 /* AppIconItem.m in Sources */,
				E4C7F14D2459751700B73296 /* JHLabel.m in Sources */,
				E43781D82453306900AA785B /* AppInfoEntity.m in Sources */,
				E48A584D245BD1E8008B8C08 /* FavoriteVM.m in Sources */,
				E4C7F14F2459751700B73296 /* LLCustomBT.m in Sources */,
				E4C7F1372459317F00B73296 /* FavoriteVC.m in Sources */,
				E4C7F13D245932FD00B73296 /* HotKeyTool.m in Sources */,
				C37DA83325678EDB00D67AD2 /* ZLImage.m in Sources */,
				E43781CC2453291C00AA785B /* main.m in Sources */,
				E43781C12453291B00AA785B /* AppDelegate.m in Sources */,
				E4C7F1402459729900B73296 /* FavoriteColumnEntity.m in Sources */,
				E43781F524545A1900AA785B /* FloatWindow.m in Sources */,
				E4C7F13A2459321500B73296 /* FavoriteAppEntity.m in Sources */,
				E43781E324542D6A00AA785B /* DataSavePath.m in Sources */,
				DDDABA27257B8F900025CE73 /* HotKeyPermission.m in Sources */,
				C309AF492510B3880029C12B /* HotKeyMas.m in Sources */,
				E43781DD2453FC3500AA785B /* AcceptDragFileView.m in Sources */,
				C3D1D0A12511DB9E00D7A596 /* FloatDockVC.m in Sources */,
			);
			runOnlyForDeploymentPostprocessing = 0;
		};
/* End PBXSourcesBuildPhase section */

/* Begin PBXVariantGroup section */
		E43781C72453291C00AA785B /* Main.storyboard */ = {
			isa = PBXVariantGroup;
			children = (
				E43781C82453291C00AA785B /* Base */,
				E48A585E245EEF5B008B8C08 /* zh-Hans */,
				E48A5866245EF463008B8C08 /* en */,
			);
			name = Main.storyboard;
			sourceTree = "<group>";
		};
		E48A586B245EF546008B8C08 /* Localizable.strings */ = {
			isa = PBXVariantGroup;
			children = (
				E48A586A245EF546008B8C08 /* en */,
				E48A586C245EF54B008B8C08 /* zh-Hans */,
			);
			name = Localizable.strings;
			sourceTree = "<group>";
		};
/* End PBXVariantGroup section */

/* Begin XCBuildConfiguration section */
		E43781CE2453291C00AA785B /* Debug */ = {
			isa = XCBuildConfiguration;
			buildSettings = {
				ALWAYS_SEARCH_USER_PATHS = NO;
				CLANG_ANALYZER_LOCALIZABILITY_NONLOCALIZED = YES;
				CLANG_ANALYZER_NONNULL = YES;
				CLANG_ANALYZER_NUMBER_OBJECT_CONVERSION = YES_AGGRESSIVE;
				CLANG_CXX_LANGUAGE_STANDARD = "gnu++14";
				CLANG_CXX_LIBRARY = "libc++";
				CLANG_ENABLE_MODULES = YES;
				CLANG_ENABLE_OBJC_ARC = YES;
				CLANG_ENABLE_OBJC_WEAK = YES;
				CLANG_WARN_BLOCK_CAPTURE_AUTORELEASING = YES;
				CLANG_WARN_BOOL_CONVERSION = YES;
				CLANG_WARN_COMMA = YES;
				CLANG_WARN_CONSTANT_CONVERSION = YES;
				CLANG_WARN_DEPRECATED_OBJC_IMPLEMENTATIONS = YES;
				CLANG_WARN_DIRECT_OBJC_ISA_USAGE = YES_ERROR;
				CLANG_WARN_DOCUMENTATION_COMMENTS = YES;
				CLANG_WARN_EMPTY_BODY = YES;
				CLANG_WARN_ENUM_CONVERSION = YES;
				CLANG_WARN_INFINITE_RECURSION = YES;
				CLANG_WARN_INT_CONVERSION = YES;
				CLANG_WARN_NON_LITERAL_NULL_CONVERSION = YES;
				CLANG_WARN_OBJC_IMPLICIT_RETAIN_SELF = YES;
				CLANG_WARN_OBJC_LITERAL_CONVERSION = YES;
				CLANG_WARN_OBJC_ROOT_CLASS = YES_ERROR;
				CLANG_WARN_RANGE_LOOP_ANALYSIS = YES;
				CLANG_WARN_STRICT_PROTOTYPES = YES;
				CLANG_WARN_SUSPICIOUS_MOVE = YES;
				CLANG_WARN_UNGUARDED_AVAILABILITY = YES_AGGRESSIVE;
				CLANG_WARN_UNREACHABLE_CODE = YES;
				CLANG_WARN__DUPLICATE_METHOD_MATCH = YES;
				COPY_PHASE_STRIP = NO;
				DEBUG_INFORMATION_FORMAT = dwarf;
				ENABLE_STRICT_OBJC_MSGSEND = YES;
				ENABLE_TESTABILITY = YES;
				GCC_C_LANGUAGE_STANDARD = gnu11;
				GCC_DYNAMIC_NO_PIC = NO;
				GCC_NO_COMMON_BLOCKS = YES;
				GCC_OPTIMIZATION_LEVEL = 0;
				GCC_PREPROCESSOR_DEFINITIONS = (
					"DEBUG=1",
					"$(inherited)",
				);
				GCC_WARN_64_TO_32_BIT_CONVERSION = YES;
				GCC_WARN_ABOUT_RETURN_TYPE = YES_ERROR;
				GCC_WARN_UNDECLARED_SELECTOR = YES;
				GCC_WARN_UNINITIALIZED_AUTOS = YES_AGGRESSIVE;
				GCC_WARN_UNUSED_FUNCTION = YES;
				GCC_WARN_UNUSED_VARIABLE = YES;
				MACOSX_DEPLOYMENT_TARGET = 10.15;
				MTL_ENABLE_DEBUG_INFO = INCLUDE_SOURCE;
				MTL_FAST_MATH = YES;
				ONLY_ACTIVE_ARCH = YES;
				SDKROOT = macosx;
			};
			name = Debug;
		};
		E43781CF2453291C00AA785B /* Release */ = {
			isa = XCBuildConfiguration;
			buildSettings = {
				ALWAYS_SEARCH_USER_PATHS = NO;
				CLANG_ANALYZER_LOCALIZABILITY_NONLOCALIZED = YES;
				CLANG_ANALYZER_NONNULL = YES;
				CLANG_ANALYZER_NUMBER_OBJECT_CONVERSION = YES_AGGRESSIVE;
				CLANG_CXX_LANGUAGE_STANDARD = "gnu++14";
				CLANG_CXX_LIBRARY = "libc++";
				CLANG_ENABLE_MODULES = YES;
				CLANG_ENABLE_OBJC_ARC = YES;
				CLANG_ENABLE_OBJC_WEAK = YES;
				CLANG_WARN_BLOCK_CAPTURE_AUTORELEASING = YES;
				CLANG_WARN_BOOL_CONVERSION = YES;
				CLANG_WARN_COMMA = YES;
				CLANG_WARN_CONSTANT_CONVERSION = YES;
				CLANG_WARN_DEPRECATED_OBJC_IMPLEMENTATIONS = YES;
				CLANG_WARN_DIRECT_OBJC_ISA_USAGE = YES_ERROR;
				CLANG_WARN_DOCUMENTATION_COMMENTS = YES;
				CLANG_WARN_EMPTY_BODY = YES;
				CLANG_WARN_ENUM_CONVERSION = YES;
				CLANG_WARN_INFINITE_RECURSION = YES;
				CLANG_WARN_INT_CONVERSION = YES;
				CLANG_WARN_NON_LITERAL_NULL_CONVERSION = YES;
				CLANG_WARN_OBJC_IMPLICIT_RETAIN_SELF = YES;
				CLANG_WARN_OBJC_LITERAL_CONVERSION = YES;
				CLANG_WARN_OBJC_ROOT_CLASS = YES_ERROR;
				CLANG_WARN_RANGE_LOOP_ANALYSIS = YES;
				CLANG_WARN_STRICT_PROTOTYPES = YES;
				CLANG_WARN_SUSPICIOUS_MOVE = YES;
				CLANG_WARN_UNGUARDED_AVAILABILITY = YES_AGGRESSIVE;
				CLANG_WARN_UNREACHABLE_CODE = YES;
				CLANG_WARN__DUPLICATE_METHOD_MATCH = YES;
				COPY_PHASE_STRIP = NO;
				DEBUG_INFORMATION_FORMAT = "dwarf-with-dsym";
				ENABLE_NS_ASSERTIONS = NO;
				ENABLE_STRICT_OBJC_MSGSEND = YES;
				GCC_C_LANGUAGE_STANDARD = gnu11;
				GCC_NO_COMMON_BLOCKS = YES;
				GCC_WARN_64_TO_32_BIT_CONVERSION = YES;
				GCC_WARN_ABOUT_RETURN_TYPE = YES_ERROR;
				GCC_WARN_UNDECLARED_SELECTOR = YES;
				GCC_WARN_UNINITIALIZED_AUTOS = YES_AGGRESSIVE;
				GCC_WARN_UNUSED_FUNCTION = YES;
				GCC_WARN_UNUSED_VARIABLE = YES;
				MACOSX_DEPLOYMENT_TARGET = 10.15;
				MTL_ENABLE_DEBUG_INFO = NO;
				MTL_FAST_MATH = YES;
				SDKROOT = macosx;
			};
			name = Release;
		};
		E43781D12453291C00AA785B /* Debug */ = {
			isa = XCBuildConfiguration;
			buildSettings = {
				ASSETCATALOG_COMPILER_APPICON_NAME = AppIcon;
				CODE_SIGN_ENTITLEMENTS = FloatDock/FloatDock.entitlements;
				CODE_SIGN_IDENTITY = "Apple Development";
				CODE_SIGN_STYLE = Automatic;
				COMBINE_HIDPI_IMAGES = YES;
				CURRENT_PROJECT_VERSION = 37;
				DEVELOPMENT_TEAM = 3UD8RC3G3X;
				GCC_PREFIX_HEADER = "FloatDock/FloatDock-prefix.pch";
				INFOPLIST_FILE = FloatDock/Info.plist;
				LD_RUNPATH_SEARCH_PATHS = (
					"$(inherited)",
					"@executable_path/../Frameworks",
				);
				MACOSX_DEPLOYMENT_TARGET = 10.15;
				MARKETING_VERSION = 2.3;
				PRODUCT_BUNDLE_IDENTIFIER = com.popor.FloatDock;
				PRODUCT_NAME = "$(TARGET_NAME)";
			};
			name = Debug;
		};
		E43781D22453291C00AA785B /* Release */ = {
			isa = XCBuildConfiguration;
			buildSettings = {
				ASSETCATALOG_COMPILER_APPICON_NAME = AppIcon;
				CODE_SIGN_ENTITLEMENTS = FloatDock/FloatDock.entitlements;
				CODE_SIGN_IDENTITY = "Apple Development";
				CODE_SIGN_STYLE = Automatic;
				COMBINE_HIDPI_IMAGES = YES;
				CURRENT_PROJECT_VERSION = 37;
				DEVELOPMENT_TEAM = 3UD8RC3G3X;
				GCC_PREFIX_HEADER = "FloatDock/FloatDock-prefix.pch";
				INFOPLIST_FILE = FloatDock/Info.plist;
				LD_RUNPATH_SEARCH_PATHS = (
					"$(inherited)",
					"@executable_path/../Frameworks",
				);
				MACOSX_DEPLOYMENT_TARGET = 10.15;
				MARKETING_VERSION = 2.3;
				PRODUCT_BUNDLE_IDENTIFIER = com.popor.FloatDock;
				PRODUCT_NAME = "$(TARGET_NAME)";
			};
			name = Release;
		};
/* End XCBuildConfiguration section */

/* Begin XCConfigurationList section */
		E43781B72453291B00AA785B /* Build configuration list for PBXProject "FloatDock" */ = {
			isa = XCConfigurationList;
			buildConfigurations = (
				E43781CE2453291C00AA785B /* Debug */,
				E43781CF2453291C00AA785B /* Release */,
			);
			defaultConfigurationIsVisible = 0;
			defaultConfigurationName = Release;
		};
		E43781D02453291C00AA785B /* Build configuration list for PBXNativeTarget "FloatDock" */ = {
			isa = XCConfigurationList;
			buildConfigurations = (
				E43781D12453291C00AA785B /* Debug */,
				E43781D22453291C00AA785B /* Release */,
			);
			defaultConfigurationIsVisible = 0;
			defaultConfigurationName = Release;
		};
/* End XCConfigurationList section */
	};
	rootObject = E43781B42453291B00AA785B /* Project object */;
}
