// !$*UTF8*$!
{
	archiveVersion = 1;
	classes = {
	};
	objectVersion = 51;
	objects = {

/* Begin PBXBuildFile section */
		E43781C12453291B00AA785B /* AppDelegate.m in Sources */ = {isa = PBXBuildFile; fileRef = E43781C02453291B00AA785B /* AppDelegate.m */; };
		E43781C42453291B00AA785B /* ViewController.m in Sources */ = {isa = PBXBuildFile; fileRef = E43781C32453291B00AA785B /* ViewController.m */; };
		E43781C62453291C00AA785B /* Assets.xcassets in Resources */ = {isa = PBXBuildFile; fileRef = E43781C52453291C00AA785B /* Assets.xcassets */; };
		E43781C92453291C00AA785B /* Main.storyboard in Resources */ = {isa = PBXBuildFile; fileRef = E43781C72453291C00AA785B /* Main.storyboard */; };
		E43781CC2453291C00AA785B /* main.m in Sources */ = {isa = PBXBuildFile; fileRef = E43781CB2453291C00AA785B /* main.m */; };
		E43781D82453306900AA785B /* AppInfoEntity.m in Sources */ = {isa = PBXBuildFile; fileRef = E43781D72453306900AA785B /* AppInfoEntity.m */; };
		E43781DA2453F07800AA785B /* icon.png in Resources */ = {isa = PBXBuildFile; fileRef = E43781D92453F07800AA785B /* icon.png */; };
		E43781DD2453FC3500AA785B /* DragView.m in Sources */ = {isa = PBXBuildFile; fileRef = E43781DC2453FC3500AA785B /* DragView.m */; };
		E43781E324542D6A00AA785B /* DataSavePath.m in Sources */ = {isa = PBXBuildFile; fileRef = E43781E224542D6A00AA785B /* DataSavePath.m */; };
		E43781E924543F1800AA785B /* AppInfoBT.m in Sources */ = {isa = PBXBuildFile; fileRef = E43781E824543F1800AA785B /* AppInfoBT.m */; };
		E43781EC2454418E00AA785B /* AppInfoMenuBT.m in Sources */ = {isa = PBXBuildFile; fileRef = E43781EB2454418E00AA785B /* AppInfoMenuBT.m */; };
		E43781F524545A1900AA785B /* FloatWindow.m in Sources */ = {isa = PBXBuildFile; fileRef = E43781F424545A1900AA785B /* FloatWindow.m */; };
		E43782202454777100AA785B /* whitePoint@2x.png in Resources */ = {isa = PBXBuildFile; fileRef = E437821F2454777100AA785B /* whitePoint@2x.png */; };
		E437822324547BB700AA785B /* AppInfoView.m in Sources */ = {isa = PBXBuildFile; fileRef = E437822224547BB700AA785B /* AppInfoView.m */; };
		E97881DF951C3A94C79F92A5 /* Pods_FloatDock.framework in Frameworks */ = {isa = PBXBuildFile; fileRef = B4376660DB09AC0CFCDE5409 /* Pods_FloatDock.framework */; };
/* End PBXBuildFile section */

/* Begin PBXFileReference section */
		22E4C7C8E957AAAC7DDFCE41 /* Pods-FloatDock.debug.xcconfig */ = {isa = PBXFileReference; includeInIndex = 1; lastKnownFileType = text.xcconfig; name = "Pods-FloatDock.debug.xcconfig"; path = "Target Support Files/Pods-FloatDock/Pods-FloatDock.debug.xcconfig"; sourceTree = "<group>"; };
		361A4F474278B8AD5E137ECE /* Pods-FloatDock.release.xcconfig */ = {isa = PBXFileReference; includeInIndex = 1; lastKnownFileType = text.xcconfig; name = "Pods-FloatDock.release.xcconfig"; path = "Target Support Files/Pods-FloatDock/Pods-FloatDock.release.xcconfig"; sourceTree = "<group>"; };
		B4376660DB09AC0CFCDE5409 /* Pods_FloatDock.framework */ = {isa = PBXFileReference; explicitFileType = wrapper.framework; includeInIndex = 0; path = Pods_FloatDock.framework; sourceTree = BUILT_PRODUCTS_DIR; };
		E43781BC2453291B00AA785B /* FloatDock.app */ = {isa = PBXFileReference; explicitFileType = wrapper.application; includeInIndex = 0; path = FloatDock.app; sourceTree = BUILT_PRODUCTS_DIR; };
		E43781BF2453291B00AA785B /* AppDelegate.h */ = {isa = PBXFileReference; lastKnownFileType = sourcecode.c.h; path = AppDelegate.h; sourceTree = "<group>"; };
		E43781C02453291B00AA785B /* AppDelegate.m */ = {isa = PBXFileReference; lastKnownFileType = sourcecode.c.objc; path = AppDelegate.m; sourceTree = "<group>"; };
		E43781C22453291B00AA785B /* ViewController.h */ = {isa = PBXFileReference; lastKnownFileType = sourcecode.c.h; path = ViewController.h; sourceTree = "<group>"; };
		E43781C32453291B00AA785B /* ViewController.m */ = {isa = PBXFileReference; lastKnownFileType = sourcecode.c.objc; path = ViewController.m; sourceTree = "<group>"; };
		E43781C52453291C00AA785B /* Assets.xcassets */ = {isa = PBXFileReference; lastKnownFileType = folder.assetcatalog; path = Assets.xcassets; sourceTree = "<group>"; };
		E43781C82453291C00AA785B /* Base */ = {isa = PBXFileReference; lastKnownFileType = file.storyboard; name = Base; path = Base.lproj/Main.storyboard; sourceTree = "<group>"; };
		E43781CA2453291C00AA785B /* Info.plist */ = {isa = PBXFileReference; lastKnownFileType = text.plist.xml; path = Info.plist; sourceTree = "<group>"; };
		E43781CB2453291C00AA785B /* main.m */ = {isa = PBXFileReference; lastKnownFileType = sourcecode.c.objc; path = main.m; sourceTree = "<group>"; };
		E43781CD2453291C00AA785B /* FloatDock.entitlements */ = {isa = PBXFileReference; lastKnownFileType = text.plist.entitlements; path = FloatDock.entitlements; sourceTree = "<group>"; };
		E43781D62453306900AA785B /* AppInfoEntity.h */ = {isa = PBXFileReference; lastKnownFileType = sourcecode.c.h; path = AppInfoEntity.h; sourceTree = "<group>"; };
		E43781D72453306900AA785B /* AppInfoEntity.m */ = {isa = PBXFileReference; lastKnownFileType = sourcecode.c.objc; path = AppInfoEntity.m; sourceTree = "<group>"; };
		E43781D92453F07800AA785B /* icon.png */ = {isa = PBXFileReference; lastKnownFileType = image.png; path = icon.png; sourceTree = SOURCE_ROOT; };
		E43781DB2453FC3500AA785B /* DragView.h */ = {isa = PBXFileReference; lastKnownFileType = sourcecode.c.h; path = DragView.h; sourceTree = "<group>"; };
		E43781DC2453FC3500AA785B /* DragView.m */ = {isa = PBXFileReference; lastKnownFileType = sourcecode.c.objc; path = DragView.m; sourceTree = "<group>"; };
		E43781E124542D6A00AA785B /* DataSavePath.h */ = {isa = PBXFileReference; fileEncoding = 4; lastKnownFileType = sourcecode.c.h; path = DataSavePath.h; sourceTree = "<group>"; };
		E43781E224542D6A00AA785B /* DataSavePath.m */ = {isa = PBXFileReference; fileEncoding = 4; lastKnownFileType = sourcecode.c.objc; path = DataSavePath.m; sourceTree = "<group>"; };
		E43781E724543F1800AA785B /* AppInfoBT.h */ = {isa = PBXFileReference; lastKnownFileType = sourcecode.c.h; path = AppInfoBT.h; sourceTree = "<group>"; };
		E43781E824543F1800AA785B /* AppInfoBT.m */ = {isa = PBXFileReference; lastKnownFileType = sourcecode.c.objc; path = AppInfoBT.m; sourceTree = "<group>"; };
		E43781EA2454418E00AA785B /* AppInfoMenuBT.h */ = {isa = PBXFileReference; lastKnownFileType = sourcecode.c.h; path = AppInfoMenuBT.h; sourceTree = "<group>"; };
		E43781EB2454418E00AA785B /* AppInfoMenuBT.m */ = {isa = PBXFileReference; lastKnownFileType = sourcecode.c.objc; path = AppInfoMenuBT.m; sourceTree = "<group>"; };
		E43781F324545A1900AA785B /* FloatWindow.h */ = {isa = PBXFileReference; lastKnownFileType = sourcecode.c.h; path = FloatWindow.h; sourceTree = "<group>"; };
		E43781F424545A1900AA785B /* FloatWindow.m */ = {isa = PBXFileReference; lastKnownFileType = sourcecode.c.objc; path = FloatWindow.m; sourceTree = "<group>"; };
		E437821F2454777100AA785B /* whitePoint@2x.png */ = {isa = PBXFileReference; lastKnownFileType = image.png; path = "whitePoint@2x.png"; sourceTree = SOURCE_ROOT; };
		E437822124547BB700AA785B /* AppInfoView.h */ = {isa = PBXFileReference; lastKnownFileType = sourcecode.c.h; path = AppInfoView.h; sourceTree = "<group>"; };
		E437822224547BB700AA785B /* AppInfoView.m */ = {isa = PBXFileReference; lastKnownFileType = sourcecode.c.objc; path = AppInfoView.m; sourceTree = "<group>"; };
/* End PBXFileReference section */

/* Begin PBXFrameworksBuildPhase section */
		E43781B92453291B00AA785B /* Frameworks */ = {
			isa = PBXFrameworksBuildPhase;
			buildActionMask = 2147483647;
			files = (
				E97881DF951C3A94C79F92A5 /* Pods_FloatDock.framework in Frameworks */,
			);
			runOnlyForDeploymentPostprocessing = 0;
		};
/* End PBXFrameworksBuildPhase section */

/* Begin PBXGroup section */
		5A5A381BF17EDF0DD13140F4 /* Pods */ = {
			isa = PBXGroup;
			children = (
				22E4C7C8E957AAAC7DDFCE41 /* Pods-FloatDock.debug.xcconfig */,
				361A4F474278B8AD5E137ECE /* Pods-FloatDock.release.xcconfig */,
			);
			path = Pods;
			sourceTree = "<group>";
		};
		E43781B32453291B00AA785B = {
			isa = PBXGroup;
			children = (
				E43781BE2453291B00AA785B /* FloatDock */,
				E43781BD2453291B00AA785B /* Products */,
				5A5A381BF17EDF0DD13140F4 /* Pods */,
				FF76C8A160FF392FDD2F7FA6 /* Frameworks */,
			);
			sourceTree = "<group>";
		};
		E43781BD2453291B00AA785B /* Products */ = {
			isa = PBXGroup;
			children = (
				E43781BC2453291B00AA785B /* FloatDock.app */,
			);
			name = Products;
			sourceTree = "<group>";
		};
		E43781BE2453291B00AA785B /* FloatDock */ = {
			isa = PBXGroup;
			children = (
				E43781D32453292B00AA785B /* other */,
				E43781BF2453291B00AA785B /* AppDelegate.h */,
				E43781C02453291B00AA785B /* AppDelegate.m */,
				E43781F2245459EC00AA785B /* FloatWindow */,
				E4378225245493C000AA785B /* VC */,
				E43781E524543EED00AA785B /* Cell */,
				E43781D52453305300AA785B /* entity */,
				E43781E424543BE900AA785B /* tool */,
			);
			path = FloatDock;
			sourceTree = "<group>";
		};
		E43781D32453292B00AA785B /* other */ = {
			isa = PBXGroup;
			children = (
				E437821F2454777100AA785B /* whitePoint@2x.png */,
				E43781D92453F07800AA785B /* icon.png */,
				E43781C52453291C00AA785B /* Assets.xcassets */,
				E43781C72453291C00AA785B /* Main.storyboard */,
				E43781CA2453291C00AA785B /* Info.plist */,
				E43781CB2453291C00AA785B /* main.m */,
				E43781CD2453291C00AA785B /* FloatDock.entitlements */,
			);
			name = other;
			sourceTree = "<group>";
		};
		E43781D52453305300AA785B /* entity */ = {
			isa = PBXGroup;
			children = (
				E43781D62453306900AA785B /* AppInfoEntity.h */,
				E43781D72453306900AA785B /* AppInfoEntity.m */,
			);
			path = entity;
			sourceTree = "<group>";
		};
		E43781E424543BE900AA785B /* tool */ = {
			isa = PBXGroup;
			children = (
				E43781E124542D6A00AA785B /* DataSavePath.h */,
				E43781E224542D6A00AA785B /* DataSavePath.m */,
			);
			path = tool;
			sourceTree = "<group>";
		};
		E43781E524543EED00AA785B /* Cell */ = {
			isa = PBXGroup;
			children = (
				E43782242454862E00AA785B /* bake */,
				E43781F12454572900AA785B /* DragView */,
				E43781E624543EF700AA785B /* NSButton */,
			);
			path = Cell;
			sourceTree = "<group>";
		};
		E43781E624543EF700AA785B /* NSButton */ = {
			isa = PBXGroup;
			children = (
				E437822124547BB700AA785B /* AppInfoView.h */,
				E437822224547BB700AA785B /* AppInfoView.m */,
			);
			path = NSButton;
			sourceTree = "<group>";
		};
		E43781F12454572900AA785B /* DragView */ = {
			isa = PBXGroup;
			children = (
				E43781DB2453FC3500AA785B /* DragView.h */,
				E43781DC2453FC3500AA785B /* DragView.m */,
			);
			path = DragView;
			sourceTree = "<group>";
		};
		E43781F2245459EC00AA785B /* FloatWindow */ = {
			isa = PBXGroup;
			children = (
				E43781F324545A1900AA785B /* FloatWindow.h */,
				E43781F424545A1900AA785B /* FloatWindow.m */,
			);
			path = FloatWindow;
			sourceTree = "<group>";
		};
		E43782242454862E00AA785B /* bake */ = {
			isa = PBXGroup;
			children = (
				E43781E724543F1800AA785B /* AppInfoBT.h */,
				E43781E824543F1800AA785B /* AppInfoBT.m */,
				E43781EA2454418E00AA785B /* AppInfoMenuBT.h */,
				E43781EB2454418E00AA785B /* AppInfoMenuBT.m */,
			);
			path = bake;
			sourceTree = "<group>";
		};
		E4378225245493C000AA785B /* VC */ = {
			isa = PBXGroup;
			children = (
				E43781C22453291B00AA785B /* ViewController.h */,
				E43781C32453291B00AA785B /* ViewController.m */,
			);
			path = VC;
			sourceTree = "<group>";
		};
		FF76C8A160FF392FDD2F7FA6 /* Frameworks */ = {
			isa = PBXGroup;
			children = (
				B4376660DB09AC0CFCDE5409 /* Pods_FloatDock.framework */,
			);
			name = Frameworks;
			sourceTree = "<group>";
		};
/* End PBXGroup section */

/* Begin PBXNativeTarget section */
		E43781BB2453291B00AA785B /* FloatDock */ = {
			isa = PBXNativeTarget;
			buildConfigurationList = E43781D02453291C00AA785B /* Build configuration list for PBXNativeTarget "FloatDock" */;
			buildPhases = (
				7160DB36D901CF56F3B356AC /* [CP] Check Pods Manifest.lock */,
				E43781B82453291B00AA785B /* Sources */,
				E43781B92453291B00AA785B /* Frameworks */,
				E43781BA2453291B00AA785B /* Resources */,
				006C0008E1B7E802F1A2CB87 /* [CP] Embed Pods Frameworks */,
			);
			buildRules = (
			);
			dependencies = (
			);
			name = FloatDock;
			productName = FloatDock;
			productReference = E43781BC2453291B00AA785B /* FloatDock.app */;
			productType = "com.apple.product-type.application";
		};
/* End PBXNativeTarget section */

/* Begin PBXProject section */
		E43781B42453291B00AA785B /* Project object */ = {
			isa = PBXProject;
			attributes = {
				LastUpgradeCheck = 1130;
				ORGANIZATIONNAME = "王凯庆";
				TargetAttributes = {
					E43781BB2453291B00AA785B = {
						CreatedOnToolsVersion = 11.3.1;
					};
				};
			};
			buildConfigurationList = E43781B72453291B00AA785B /* Build configuration list for PBXProject "FloatDock" */;
			compatibilityVersion = "Xcode 9.3";
			developmentRegion = en;
			hasScannedForEncodings = 0;
			knownRegions = (
				en,
				Base,
			);
			mainGroup = E43781B32453291B00AA785B;
			productRefGroup = E43781BD2453291B00AA785B /* Products */;
			projectDirPath = "";
			projectRoot = "";
			targets = (
				E43781BB2453291B00AA785B /* FloatDock */,
			);
		};
/* End PBXProject section */

/* Begin PBXResourcesBuildPhase section */
		E43781BA2453291B00AA785B /* Resources */ = {
			isa = PBXResourcesBuildPhase;
			buildActionMask = 2147483647;
			files = (
				E43781C62453291C00AA785B /* Assets.xcassets in Resources */,
				E43782202454777100AA785B /* whitePoint@2x.png in Resources */,
				E43781C92453291C00AA785B /* Main.storyboard in Resources */,
				E43781DA2453F07800AA785B /* icon.png in Resources */,
			);
			runOnlyForDeploymentPostprocessing = 0;
		};
/* End PBXResourcesBuildPhase section */

/* Begin PBXShellScriptBuildPhase section */
		006C0008E1B7E802F1A2CB87 /* [CP] Embed Pods Frameworks */ = {
			isa = PBXShellScriptBuildPhase;
			buildActionMask = 2147483647;
			files = (
			);
			inputFileListPaths = (
				"${PODS_ROOT}/Target Support Files/Pods-FloatDock/Pods-FloatDock-frameworks-${CONFIGURATION}-input-files.xcfilelist",
			);
			name = "[CP] Embed Pods Frameworks";
			outputFileListPaths = (
				"${PODS_ROOT}/Target Support Files/Pods-FloatDock/Pods-FloatDock-frameworks-${CONFIGURATION}-output-files.xcfilelist",
			);
			runOnlyForDeploymentPostprocessing = 0;
			shellPath = /bin/sh;
			shellScript = "\"${PODS_ROOT}/Target Support Files/Pods-FloatDock/Pods-FloatDock-frameworks.sh\"\n";
			showEnvVarsInLog = 0;
		};
		7160DB36D901CF56F3B356AC /* [CP] Check Pods Manifest.lock */ = {
			isa = PBXShellScriptBuildPhase;
			buildActionMask = 2147483647;
			files = (
			);
			inputFileListPaths = (
			);
			inputPaths = (
				"${PODS_PODFILE_DIR_PATH}/Podfile.lock",
				"${PODS_ROOT}/Manifest.lock",
			);
			name = "[CP] Check Pods Manifest.lock";
			outputFileListPaths = (
			);
			outputPaths = (
				"$(DERIVED_FILE_DIR)/Pods-FloatDock-checkManifestLockResult.txt",
			);
			runOnlyForDeploymentPostprocessing = 0;
			shellPath = /bin/sh;
			shellScript = "diff \"${PODS_PODFILE_DIR_PATH}/Podfile.lock\" \"${PODS_ROOT}/Manifest.lock\" > /dev/null\nif [ $? != 0 ] ; then\n    # print error to STDERR\n    echo \"error: The sandbox is not in sync with the Podfile.lock. Run 'pod install' or update your CocoaPods installation.\" >&2\n    exit 1\nfi\n# This output is used by Xcode 'outputs' to avoid re-running this script phase.\necho \"SUCCESS\" > \"${SCRIPT_OUTPUT_FILE_0}\"\n";
			showEnvVarsInLog = 0;
		};
/* End PBXShellScriptBuildPhase section */

/* Begin PBXSourcesBuildPhase section */
		E43781B82453291B00AA785B /* Sources */ = {
			isa = PBXSourcesBuildPhase;
			buildActionMask = 2147483647;
			files = (
				E437822324547BB700AA785B /* AppInfoView.m in Sources */,
				E43781E924543F1800AA785B /* AppInfoBT.m in Sources */,
				E43781D82453306900AA785B /* AppInfoEntity.m in Sources */,
				E43781EC2454418E00AA785B /* AppInfoMenuBT.m in Sources */,
				E43781C42453291B00AA785B /* ViewController.m in Sources */,
				E43781CC2453291C00AA785B /* main.m in Sources */,
				E43781C12453291B00AA785B /* AppDelegate.m in Sources */,
				E43781F524545A1900AA785B /* FloatWindow.m in Sources */,
				E43781E324542D6A00AA785B /* DataSavePath.m in Sources */,
				E43781DD2453FC3500AA785B /* DragView.m in Sources */,
			);
			runOnlyForDeploymentPostprocessing = 0;
		};
/* End PBXSourcesBuildPhase section */

/* Begin PBXVariantGroup section */
		E43781C72453291C00AA785B /* Main.storyboard */ = {
			isa = PBXVariantGroup;
			children = (
				E43781C82453291C00AA785B /* Base */,
			);
			name = Main.storyboard;
			sourceTree = "<group>";
		};
/* End PBXVariantGroup section */

/* Begin XCBuildConfiguration section */
		E43781CE2453291C00AA785B /* Debug */ = {
			isa = XCBuildConfiguration;
			buildSettings = {
				ALWAYS_SEARCH_USER_PATHS = NO;
				CLANG_ANALYZER_NONNULL = YES;
				CLANG_ANALYZER_NUMBER_OBJECT_CONVERSION = YES_AGGRESSIVE;
				CLANG_CXX_LANGUAGE_STANDARD = "gnu++14";
				CLANG_CXX_LIBRARY = "libc++";
				CLANG_ENABLE_MODULES = YES;
				CLANG_ENABLE_OBJC_ARC = YES;
				CLANG_ENABLE_OBJC_WEAK = YES;
				CLANG_WARN_BLOCK_CAPTURE_AUTORELEASING = YES;
				CLANG_WARN_BOOL_CONVERSION = YES;
				CLANG_WARN_COMMA = YES;
				CLANG_WARN_CONSTANT_CONVERSION = YES;
				CLANG_WARN_DEPRECATED_OBJC_IMPLEMENTATIONS = YES;
				CLANG_WARN_DIRECT_OBJC_ISA_USAGE = YES_ERROR;
				CLANG_WARN_DOCUMENTATION_COMMENTS = YES;
				CLANG_WARN_EMPTY_BODY = YES;
				CLANG_WARN_ENUM_CONVERSION = YES;
				CLANG_WARN_INFINITE_RECURSION = YES;
				CLANG_WARN_INT_CONVERSION = YES;
				CLANG_WARN_NON_LITERAL_NULL_CONVERSION = YES;
				CLANG_WARN_OBJC_IMPLICIT_RETAIN_SELF = YES;
				CLANG_WARN_OBJC_LITERAL_CONVERSION = YES;
				CLANG_WARN_OBJC_ROOT_CLASS = YES_ERROR;
				CLANG_WARN_RANGE_LOOP_ANALYSIS = YES;
				CLANG_WARN_STRICT_PROTOTYPES = YES;
				CLANG_WARN_SUSPICIOUS_MOVE = YES;
				CLANG_WARN_UNGUARDED_AVAILABILITY = YES_AGGRESSIVE;
				CLANG_WARN_UNREACHABLE_CODE = YES;
				CLANG_WARN__DUPLICATE_METHOD_MATCH = YES;
				COPY_PHASE_STRIP = NO;
				DEBUG_INFORMATION_FORMAT = dwarf;
				ENABLE_STRICT_OBJC_MSGSEND = YES;
				ENABLE_TESTABILITY = YES;
				GCC_C_LANGUAGE_STANDARD = gnu11;
				GCC_DYNAMIC_NO_PIC = NO;
				GCC_NO_COMMON_BLOCKS = YES;
				GCC_OPTIMIZATION_LEVEL = 0;
				GCC_PREPROCESSOR_DEFINITIONS = (
					"DEBUG=1",
					"$(inherited)",
				);
				GCC_WARN_64_TO_32_BIT_CONVERSION = YES;
				GCC_WARN_ABOUT_RETURN_TYPE = YES_ERROR;
				GCC_WARN_UNDECLARED_SELECTOR = YES;
				GCC_WARN_UNINITIALIZED_AUTOS = YES_AGGRESSIVE;
				GCC_WARN_UNUSED_FUNCTION = YES;
				GCC_WARN_UNUSED_VARIABLE = YES;
				MACOSX_DEPLOYMENT_TARGET = 10.15;
				MTL_ENABLE_DEBUG_INFO = INCLUDE_SOURCE;
				MTL_FAST_MATH = YES;
				ONLY_ACTIVE_ARCH = YES;
				SDKROOT = macosx;
			};
			name = Debug;
		};
		E43781CF2453291C00AA785B /* Release */ = {
			isa = XCBuildConfiguration;
			buildSettings = {
				ALWAYS_SEARCH_USER_PATHS = NO;
				CLANG_ANALYZER_NONNULL = YES;
				CLANG_ANALYZER_NUMBER_OBJECT_CONVERSION = YES_AGGRESSIVE;
				CLANG_CXX_LANGUAGE_STANDARD = "gnu++14";
				CLANG_CXX_LIBRARY = "libc++";
				CLANG_ENABLE_MODULES = YES;
				CLANG_ENABLE_OBJC_ARC = YES;
				CLANG_ENABLE_OBJC_WEAK = YES;
				CLANG_WARN_BLOCK_CAPTURE_AUTORELEASING = YES;
				CLANG_WARN_BOOL_CONVERSION = YES;
				CLANG_WARN_COMMA = YES;
				CLANG_WARN_CONSTANT_CONVERSION = YES;
				CLANG_WARN_DEPRECATED_OBJC_IMPLEMENTATIONS = YES;
				CLANG_WARN_DIRECT_OBJC_ISA_USAGE = YES_ERROR;
				CLANG_WARN_DOCUMENTATION_COMMENTS = YES;
				CLANG_WARN_EMPTY_BODY = YES;
				CLANG_WARN_ENUM_CONVERSION = YES;
				CLANG_WARN_INFINITE_RECURSION = YES;
				CLANG_WARN_INT_CONVERSION = YES;
				CLANG_WARN_NON_LITERAL_NULL_CONVERSION = YES;
				CLANG_WARN_OBJC_IMPLICIT_RETAIN_SELF = YES;
				CLANG_WARN_OBJC_LITERAL_CONVERSION = YES;
				CLANG_WARN_OBJC_ROOT_CLASS = YES_ERROR;
				CLANG_WARN_RANGE_LOOP_ANALYSIS = YES;
				CLANG_WARN_STRICT_PROTOTYPES = YES;
				CLANG_WARN_SUSPICIOUS_MOVE = YES;
				CLANG_WARN_UNGUARDED_AVAILABILITY = YES_AGGRESSIVE;
				CLANG_WARN_UNREACHABLE_CODE = YES;
				CLANG_WARN__DUPLICATE_METHOD_MATCH = YES;
				COPY_PHASE_STRIP = NO;
				DEBUG_INFORMATION_FORMAT = "dwarf-with-dsym";
				ENABLE_NS_ASSERTIONS = NO;
				ENABLE_STRICT_OBJC_MSGSEND = YES;
				GCC_C_LANGUAGE_STANDARD = gnu11;
				GCC_NO_COMMON_BLOCKS = YES;
				GCC_WARN_64_TO_32_BIT_CONVERSION = YES;
				GCC_WARN_ABOUT_RETURN_TYPE = YES_ERROR;
				GCC_WARN_UNDECLARED_SELECTOR = YES;
				GCC_WARN_UNINITIALIZED_AUTOS = YES_AGGRESSIVE;
				GCC_WARN_UNUSED_FUNCTION = YES;
				GCC_WARN_UNUSED_VARIABLE = YES;
				MACOSX_DEPLOYMENT_TARGET = 10.15;
				MTL_ENABLE_DEBUG_INFO = NO;
				MTL_FAST_MATH = YES;
				SDKROOT = macosx;
			};
			name = Release;
		};
		E43781D12453291C00AA785B /* Debug */ = {
			isa = XCBuildConfiguration;
			baseConfigurationReference = 22E4C7C8E957AAAC7DDFCE41 /* Pods-FloatDock.debug.xcconfig */;
			buildSettings = {
				ASSETCATALOG_COMPILER_APPICON_NAME = AppIcon;
				CODE_SIGN_ENTITLEMENTS = FloatDock/FloatDock.entitlements;
				CODE_SIGN_STYLE = Automatic;
				COMBINE_HIDPI_IMAGES = YES;
				CURRENT_PROJECT_VERSION = 2;
				INFOPLIST_FILE = FloatDock/Info.plist;
				LD_RUNPATH_SEARCH_PATHS = (
					"$(inherited)",
					"@executable_path/../Frameworks",
				);
				MARKETING_VERSION = 1.0;
				PRODUCT_BUNDLE_IDENTIFIER = com.popor.FloatDock;
				PRODUCT_NAME = "$(TARGET_NAME)";
			};
			name = Debug;
		};
		E43781D22453291C00AA785B /* Release */ = {
			isa = XCBuildConfiguration;
			baseConfigurationReference = 361A4F474278B8AD5E137ECE /* Pods-FloatDock.release.xcconfig */;
			buildSettings = {
				ASSETCATALOG_COMPILER_APPICON_NAME = AppIcon;
				CODE_SIGN_ENTITLEMENTS = FloatDock/FloatDock.entitlements;
				CODE_SIGN_STYLE = Automatic;
				COMBINE_HIDPI_IMAGES = YES;
				CURRENT_PROJECT_VERSION = 2;
				INFOPLIST_FILE = FloatDock/Info.plist;
				LD_RUNPATH_SEARCH_PATHS = (
					"$(inherited)",
					"@executable_path/../Frameworks",
				);
				MARKETING_VERSION = 1.0;
				PRODUCT_BUNDLE_IDENTIFIER = com.popor.FloatDock;
				PRODUCT_NAME = "$(TARGET_NAME)";
			};
			name = Release;
		};
/* End XCBuildConfiguration section */

/* Begin XCConfigurationList section */
		E43781B72453291B00AA785B /* Build configuration list for PBXProject "FloatDock" */ = {
			isa = XCConfigurationList;
			buildConfigurations = (
				E43781CE2453291C00AA785B /* Debug */,
				E43781CF2453291C00AA785B /* Release */,
			);
			defaultConfigurationIsVisible = 0;
			defaultConfigurationName = Release;
		};
		E43781D02453291C00AA785B /* Build configuration list for PBXNativeTarget "FloatDock" */ = {
			isa = XCConfigurationList;
			buildConfigurations = (
				E43781D12453291C00AA785B /* Debug */,
				E43781D22453291C00AA785B /* Release */,
			);
			defaultConfigurationIsVisible = 0;
			defaultConfigurationName = Release;
		};
/* End XCConfigurationList section */
	};
	rootObject = E43781B42453291B00AA785B /* Project object */;
}
